// !$*UTF8*$!
{
	archiveVersion = 1;
	classes = {
	};
	objectVersion = 50;
	objects = {

/* Begin PBXBuildFile section */
		762F6DCF2374E4A200E07259 /* AppDelegate.swift in Sources */ = {isa = PBXBuildFile; fileRef = 762F6DCE2374E4A200E07259 /* AppDelegate.swift */; };
		762F6DD12374E4A200E07259 /* SceneDelegate.swift in Sources */ = {isa = PBXBuildFile; fileRef = 762F6DD02374E4A200E07259 /* SceneDelegate.swift */; };
		762F6DD32374E4A200E07259 /* ViewController.swift in Sources */ = {isa = PBXBuildFile; fileRef = 762F6DD22374E4A200E07259 /* ViewController.swift */; };
		762F6DD62374E4A200E07259 /* Main.storyboard in Resources */ = {isa = PBXBuildFile; fileRef = 762F6DD42374E4A200E07259 /* Main.storyboard */; };
		762F6DD82374E4A300E07259 /* Assets.xcassets in Resources */ = {isa = PBXBuildFile; fileRef = 762F6DD72374E4A300E07259 /* Assets.xcassets */; };
		762F6DDB2374E4A300E07259 /* LaunchScreen.storyboard in Resources */ = {isa = PBXBuildFile; fileRef = 762F6DD92374E4A300E07259 /* LaunchScreen.storyboard */; };
		762F6DF22374F84500E07259 /* long-arrow-right.png in Resources */ = {isa = PBXBuildFile; fileRef = 762F6DEA2374F84400E07259 /* long-arrow-right.png */; };
		762F6DF32374F84500E07259 /* long-arrow-left.png in Resources */ = {isa = PBXBuildFile; fileRef = 762F6DEB2374F84400E07259 /* long-arrow-left.png */; };
		762F6DF42374F84500E07259 /* short-arrow-right.png in Resources */ = {isa = PBXBuildFile; fileRef = 762F6DEC2374F84500E07259 /* short-arrow-right.png */; };
		762F6DF52374F84500E07259 /* long-arrow-down.png in Resources */ = {isa = PBXBuildFile; fileRef = 762F6DED2374F84500E07259 /* long-arrow-down.png */; };
		762F6DF62374F84500E07259 /* short-arrow-up.png in Resources */ = {isa = PBXBuildFile; fileRef = 762F6DEE2374F84500E07259 /* short-arrow-up.png */; };
		762F6DF72374F84500E07259 /* short-arrow-left.png in Resources */ = {isa = PBXBuildFile; fileRef = 762F6DEF2374F84500E07259 /* short-arrow-left.png */; };
		762F6DF82374F84500E07259 /* short-arrow-down.png in Resources */ = {isa = PBXBuildFile; fileRef = 762F6DF02374F84500E07259 /* short-arrow-down.png */; };
		762F6DF92374F84500E07259 /* long-arrow-up.png in Resources */ = {isa = PBXBuildFile; fileRef = 762F6DF12374F84500E07259 /* long-arrow-up.png */; };
/* End PBXBuildFile section */

/* Begin PBXFileReference section */
		762F6DCB2374E4A200E07259 /* SwipeGesture.app */ = {isa = PBXFileReference; explicitFileType = wrapper.application; includeInIndex = 0; path = SwipeGesture.app; sourceTree = BUILT_PRODUCTS_DIR; };
		762F6DCE2374E4A200E07259 /* AppDelegate.swift */ = {isa = PBXFileReference; lastKnownFileType = sourcecode.swift; path = AppDelegate.swift; sourceTree = "<group>"; };
		762F6DD02374E4A200E07259 /* SceneDelegate.swift */ = {isa = PBXFileReference; lastKnownFileType = sourcecode.swift; path = SceneDelegate.swift; sourceTree = "<group>"; };
		762F6DD22374E4A200E07259 /* ViewController.swift */ = {isa = PBXFileReference; lastKnownFileType = sourcecode.swift; path = ViewController.swift; sourceTree = "<group>"; };
		762F6DD52374E4A200E07259 /* Base */ = {isa = PBXFileReference; lastKnownFileType = file.storyboard; name = Base; path = Base.lproj/Main.storyboard; sourceTree = "<group>"; };
		762F6DD72374E4A300E07259 /* Assets.xcassets */ = {isa = PBXFileReference; lastKnownFileType = folder.assetcatalog; path = Assets.xcassets; sourceTree = "<group>"; };
		762F6DDA2374E4A300E07259 /* Base */ = {isa = PBXFileReference; lastKnownFileType = file.storyboard; name = Base; path = Base.lproj/LaunchScreen.storyboard; sourceTree = "<group>"; };
		762F6DDC2374E4A300E07259 /* Info.plist */ = {isa = PBXFileReference; lastKnownFileType = text.plist.xml; path = Info.plist; sourceTree = "<group>"; };
		762F6DEA2374F84400E07259 /* long-arrow-right.png */ = {isa = PBXFileReference; lastKnownFileType = image.png; path = "long-arrow-right.png"; sourceTree = "<group>"; };
		762F6DEB2374F84400E07259 /* long-arrow-left.png */ = {isa = PBXFileReference; lastKnownFileType = image.png; path = "long-arrow-left.png"; sourceTree = "<group>"; };
		762F6DEC2374F84500E07259 /* short-arrow-right.png */ = {isa = PBXFileReference; lastKnownFileType = image.png; path = "short-arrow-right.png"; sourceTree = "<group>"; };
		762F6DED2374F84500E07259 /* long-arrow-down.png */ = {isa = PBXFileReference; lastKnownFileType = image.png; path = "long-arrow-down.png"; sourceTree = "<group>"; };
		762F6DEE2374F84500E07259 /* short-arrow-up.png */ = {isa = PBXFileReference; lastKnownFileType = image.png; path = "short-arrow-up.png"; sourceTree = "<group>"; };
		762F6DEF2374F84500E07259 /* short-arrow-left.png */ = {isa = PBXFileReference; lastKnownFileType = image.png; path = "short-arrow-left.png"; sourceTree = "<group>"; };
		762F6DF02374F84500E07259 /* short-arrow-down.png */ = {isa = PBXFileReference; lastKnownFileType = image.png; path = "short-arrow-down.png"; sourceTree = "<group>"; };
		762F6DF12374F84500E07259 /* long-arrow-up.png */ = {isa = PBXFileReference; lastKnownFileType = image.png; path = "long-arrow-up.png"; sourceTree = "<group>"; };
/* End PBXFileReference section */

/* Begin PBXFrameworksBuildPhase section */
		762F6DC82374E4A200E07259 /* Frameworks */ = {
			isa = PBXFrameworksBuildPhase;
			buildActionMask = 2147483647;
			files = (
			);
			runOnlyForDeploymentPostprocessing = 0;
		};
/* End PBXFrameworksBuildPhase section */

/* Begin PBXGroup section */
		762F6DC22374E4A200E07259 = {
			isa = PBXGroup;
			children = (
				762F6DCD2374E4A200E07259 /* SwipeGesture */,
				762F6DCC2374E4A200E07259 /* Products */,
			);
			sourceTree = "<group>";
		};
		762F6DCC2374E4A200E07259 /* Products */ = {
			isa = PBXGroup;
			children = (
				762F6DCB2374E4A200E07259 /* SwipeGesture.app */,
			);
			name = Products;
			sourceTree = "<group>";
		};
		762F6DCD2374E4A200E07259 /* SwipeGesture */ = {
			isa = PBXGroup;
			children = (
				762F6DED2374F84500E07259 /* long-arrow-down.png */,
				762F6DEB2374F84400E07259 /* long-arrow-left.png */,
				762F6DEA2374F84400E07259 /* long-arrow-right.png */,
				762F6DF12374F84500E07259 /* long-arrow-up.png */,
				762F6DF02374F84500E07259 /* short-arrow-down.png */,
				762F6DEF2374F84500E07259 /* short-arrow-left.png */,
				762F6DEC2374F84500E07259 /* short-arrow-right.png */,
				762F6DEE2374F84500E07259 /* short-arrow-up.png */,
				762F6DCE2374E4A200E07259 /* AppDelegate.swift */,
				762F6DD02374E4A200E07259 /* SceneDelegate.swift */,
				762F6DD22374E4A200E07259 /* ViewController.swift */,
				762F6DD42374E4A200E07259 /* Main.storyboard */,
				762F6DD72374E4A300E07259 /* Assets.xcassets */,
				762F6DD92374E4A300E07259 /* LaunchScreen.storyboard */,
				762F6DDC2374E4A300E07259 /* Info.plist */,
			);
			path = SwipeGesture;
			sourceTree = "<group>";
		};
/* End PBXGroup section */

/* Begin PBXNativeTarget section */
		762F6DCA2374E4A200E07259 /* SwipeGesture */ = {
			isa = PBXNativeTarget;
			buildConfigurationList = 762F6DDF2374E4A300E07259 /* Build configuration list for PBXNativeTarget "SwipeGesture" */;
			buildPhases = (
				762F6DC72374E4A200E07259 /* Sources */,
				762F6DC82374E4A200E07259 /* Frameworks */,
				762F6DC92374E4A200E07259 /* Resources */,
			);
			buildRules = (
			);
			dependencies = (
			);
			name = SwipeGesture;
			productName = SwipeGesture;
			productReference = 762F6DCB2374E4A200E07259 /* SwipeGesture.app */;
			productType = "com.apple.product-type.application";
		};
/* End PBXNativeTarget section */

/* Begin PBXProject section */
		762F6DC32374E4A200E07259 /* Project object */ = {
			isa = PBXProject;
			attributes = {
				LastSwiftUpdateCheck = 1120;
				LastUpgradeCheck = 1120;
				ORGANIZATIONNAME = Moon;
				TargetAttributes = {
					762F6DCA2374E4A200E07259 = {
						CreatedOnToolsVersion = 11.2;
					};
				};
			};
			buildConfigurationList = 762F6DC62374E4A200E07259 /* Build configuration list for PBXProject "SwipeGesture" */;
			compatibilityVersion = "Xcode 9.3";
			developmentRegion = en;
			hasScannedForEncodings = 0;
			knownRegions = (
				en,
				Base,
			);
			mainGroup = 762F6DC22374E4A200E07259;
			productRefGroup = 762F6DCC2374E4A200E07259 /* Products */;
			projectDirPath = "";
			projectRoot = "";
			targets = (
				762F6DCA2374E4A200E07259 /* SwipeGesture */,
			);
		};
/* End PBXProject section */

/* Begin PBXResourcesBuildPhase section */
		762F6DC92374E4A200E07259 /* Resources */ = {
			isa = PBXResourcesBuildPhase;
			buildActionMask = 2147483647;
			files = (
				762F6DDB2374E4A300E07259 /* LaunchScreen.storyboard in Resources */,
				762F6DF52374F84500E07259 /* long-arrow-down.png in Resources */,
				762F6DF32374F84500E07259 /* long-arrow-left.png in Resources */,
				762F6DD82374E4A300E07259 /* Assets.xcassets in Resources */,
				762F6DF72374F84500E07259 /* short-arrow-left.png in Resources */,
				762F6DF22374F84500E07259 /* long-arrow-right.png in Resources */,
				762F6DF82374F84500E07259 /* short-arrow-down.png in Resources */,
				762F6DF92374F84500E07259 /* long-arrow-up.png in Resources */,
				762F6DD62374E4A200E07259 /* Main.storyboard in Resources */,
				762F6DF42374F84500E07259 /* short-arrow-right.png in Resources */,
				762F6DF62374F84500E07259 /* short-arrow-up.png in Resources */,
			);
			runOnlyForDeploymentPostprocessing = 0;
		};
/* End PBXResourcesBuildPhase section */

/* Begin PBXSourcesBuildPhase section */
		762F6DC72374E4A200E07259 /* Sources */ = {
			isa = PBXSourcesBuildPhase;
			buildActionMask = 2147483647;
			files = (
				762F6DD32374E4A200E07259 /* ViewController.swift in Sources */,
				762F6DCF2374E4A200E07259 /* AppDelegate.swift in Sources */,
				762F6DD12374E4A200E07259 /* SceneDelegate.swift in Sources */,
			);
			runOnlyForDeploymentPostprocessing = 0;
		};
/* End PBXSourcesBuildPhase section */

/* Begin PBXVariantGroup section */
		762F6DD42374E4A200E07259 /* Main.storyboard */ = {
			isa = PBXVariantGroup;
			children = (
				762F6DD52374E4A200E07259 /* Base */,
			);
			name = Main.storyboard;
			sourceTree = "<group>";
		};
		762F6DD92374E4A300E07259 /* LaunchScreen.storyboard */ = {
			isa = PBXVariantGroup;
			children = (
				762F6DDA2374E4A300E07259 /* Base */,
			);
			name = LaunchScreen.storyboard;
			sourceTree = "<group>";
		};
/* End PBXVariantGroup section */

/* Begin XCBuildConfiguration section */
		762F6DDD2374E4A300E07259 /* Debug */ = {
			isa = XCBuildConfiguration;
			buildSettings = {
				ALWAYS_SEARCH_USER_PATHS = NO;
				CLANG_ANALYZER_NONNULL = YES;
				CLANG_ANALYZER_NUMBER_OBJECT_CONVERSION = YES_AGGRESSIVE;
				CLANG_CXX_LANGUAGE_STANDARD = "gnu++14";
				CLANG_CXX_LIBRARY = "libc++";
				CLANG_ENABLE_MODULES = YES;
				CLANG_ENABLE_OBJC_ARC = YES;
				CLANG_ENABLE_OBJC_WEAK = YES;
				CLANG_WARN_BLOCK_CAPTURE_AUTORELEASING = YES;
				CLANG_WARN_BOOL_CONVERSION = YES;
				CLANG_WARN_COMMA = YES;
				CLANG_WARN_CONSTANT_CONVERSION = YES;
				CLANG_WARN_DEPRECATED_OBJC_IMPLEMENTATIONS = YES;
				CLANG_WARN_DIRECT_OBJC_ISA_USAGE = YES_ERROR;
				CLANG_WARN_DOCUMENTATION_COMMENTS = YES;
				CLANG_WARN_EMPTY_BODY = YES;
				CLANG_WARN_ENUM_CONVERSION = YES;
				CLANG_WARN_INFINITE_RECURSION = YES;
				CLANG_WARN_INT_CONVERSION = YES;
				CLANG_WARN_NON_LITERAL_NULL_CONVERSION = YES;
				CLANG_WARN_OBJC_IMPLICIT_RETAIN_SELF = YES;
				CLANG_WARN_OBJC_LITERAL_CONVERSION = YES;
				CLANG_WARN_OBJC_ROOT_CLASS = YES_ERROR;
				CLANG_WARN_RANGE_LOOP_ANALYSIS = YES;
				CLANG_WARN_STRICT_PROTOTYPES = YES;
				CLANG_WARN_SUSPICIOUS_MOVE = YES;
				CLANG_WARN_UNGUARDED_AVAILABILITY = YES_AGGRESSIVE;
				CLANG_WARN_UNREACHABLE_CODE = YES;
				CLANG_WARN__DUPLICATE_METHOD_MATCH = YES;
				COPY_PHASE_STRIP = NO;
				DEBUG_INFORMATION_FORMAT = dwarf;
				ENABLE_STRICT_OBJC_MSGSEND = YES;
				ENABLE_TESTABILITY = YES;
				GCC_C_LANGUAGE_STANDARD = gnu11;
				GCC_DYNAMIC_NO_PIC = NO;
				GCC_NO_COMMON_BLOCKS = YES;
				GCC_OPTIMIZATION_LEVEL = 0;
				GCC_PREPROCESSOR_DEFINITIONS = (
					"DEBUG=1",
					"$(inherited)",
				);
				GCC_WARN_64_TO_32_BIT_CONVERSION = YES;
				GCC_WARN_ABOUT_RETURN_TYPE = YES_ERROR;
				GCC_WARN_UNDECLARED_SELECTOR = YES;
				GCC_WARN_UNINITIALIZED_AUTOS = YES_AGGRESSIVE;
				GCC_WARN_UNUSED_FUNCTION = YES;
				GCC_WARN_UNUSED_VARIABLE = YES;
				IPHONEOS_DEPLOYMENT_TARGET = 13.2;
				MTL_ENABLE_DEBUG_INFO = INCLUDE_SOURCE;
				MTL_FAST_MATH = YES;
				ONLY_ACTIVE_ARCH = YES;
				SDKROOT = iphoneos;
				SWIFT_ACTIVE_COMPILATION_CONDITIONS = DEBUG;
				SWIFT_OPTIMIZATION_LEVEL = "-Onone";
			};
			name = Debug;
		};
		762F6DDE2374E4A300E07259 /* Release */ = {
			isa = XCBuildConfiguration;
			buildSettings = {
				ALWAYS_SEARCH_USER_PATHS = NO;
				CLANG_ANALYZER_NONNULL = YES;
				CLANG_ANALYZER_NUMBER_OBJECT_CONVERSION = YES_AGGRESSIVE;
				CLANG_CXX_LANGUAGE_STANDARD = "gnu++14";
				CLANG_CXX_LIBRARY = "libc++";
				CLANG_ENABLE_MODULES = YES;
				CLANG_ENABLE_OBJC_ARC = YES;
				CLANG_ENABLE_OBJC_WEAK = YES;
				CLANG_WARN_BLOCK_CAPTURE_AUTORELEASING = YES;
				CLANG_WARN_BOOL_CONVERSION = YES;
				CLANG_WARN_COMMA = YES;
				CLANG_WARN_CONSTANT_CONVERSION = YES;
				CLANG_WARN_DEPRECATED_OBJC_IMPLEMENTATIONS = YES;
				CLANG_WARN_DIRECT_OBJC_ISA_USAGE = YES_ERROR;
				CLANG_WARN_DOCUMENTATION_COMMENTS = YES;
				CLANG_WARN_EMPTY_BODY = YES;
				CLANG_WARN_ENUM_CONVERSION = YES;
				CLANG_WARN_INFINITE_RECURSION = YES;
				CLANG_WARN_INT_CONVERSION = YES;
				CLANG_WARN_NON_LITERAL_NULL_CONVERSION = YES;
				CLANG_WARN_OBJC_IMPLICIT_RETAIN_SELF = YES;
				CLANG_WARN_OBJC_LITERAL_CONVERSION = YES;
				CLANG_WARN_OBJC_ROOT_CLASS = YES_ERROR;
				CLANG_WARN_RANGE_LOOP_ANALYSIS = YES;
				CLANG_WARN_STRICT_PROTOTYPES = YES;
				CLANG_WARN_SUSPICIOUS_MOVE = YES;
				CLANG_WARN_UNGUARDED_AVAILABILITY = YES_AGGRESSIVE;
				CLANG_WARN_UNREACHABLE_CODE = YES;
				CLANG_WARN__DUPLICATE_METHOD_MATCH = YES;
				COPY_PHASE_STRIP = NO;
				DEBUG_INFORMATION_FORMAT = "dwarf-with-dsym";
				ENABLE_NS_ASSERTIONS = NO;
				ENABLE_STRICT_OBJC_MSGSEND = YES;
				GCC_C_LANGUAGE_STANDARD = gnu11;
				GCC_NO_COMMON_BLOCKS = YES;
				GCC_WARN_64_TO_32_BIT_CONVERSION = YES;
				GCC_WARN_ABOUT_RETURN_TYPE = YES_ERROR;
				GCC_WARN_UNDECLARED_SELECTOR = YES;
				GCC_WARN_UNINITIALIZED_AUTOS = YES_AGGRESSIVE;
				GCC_WARN_UNUSED_FUNCTION = YES;
				GCC_WARN_UNUSED_VARIABLE = YES;
				IPHONEOS_DEPLOYMENT_TARGET = 13.2;
				MTL_ENABLE_DEBUG_INFO = NO;
				MTL_FAST_MATH = YES;
				SDKROOT = iphoneos;
				SWIFT_COMPILATION_MODE = wholemodule;
				SWIFT_OPTIMIZATION_LEVEL = "-O";
				VALIDATE_PRODUCT = YES;
			};
			name = Release;
		};
		762F6DE02374E4A300E07259 /* Debug */ = {
			isa = XCBuildConfiguration;
			buildSettings = {
				ASSETCATALOG_COMPILER_APPICON_NAME = AppIcon;
				CODE_SIGN_STYLE = Automatic;
				DEVELOPMENT_TEAM = 994BWAVX9G;
				INFOPLIST_FILE = SwipeGesture/Info.plist;
				LD_RUNPATH_SEARCH_PATHS = (
					"$(inherited)",
					"@executable_path/Frameworks",
				);
				PRODUCT_BUNDLE_IDENTIFIER = com.Moon.SwipeGesture;
				PRODUCT_NAME = "$(TARGET_NAME)";
				SWIFT_VERSION = 5.0;
				TARGETED_DEVICE_FAMILY = "1,2";
			};
			name = Debug;
		};
		762F6DE12374E4A300E07259 /* Release */ = {
			isa = XCBuildConfiguration;
			buildSettings = {
				ASSETCATALOG_COMPILER_APPICON_NAME = AppIcon;
				CODE_SIGN_STYLE = Automatic;
				DEVELOPMENT_TEAM = 994BWAVX9G;
				INFOPLIST_FILE = SwipeGesture/Info.plist;
				LD_RUNPATH_SEARCH_PATHS = (
					"$(inherited)",
					"@executable_path/Frameworks",
				);
				PRODUCT_BUNDLE_IDENTIFIER = com.Moon.SwipeGesture;
				PRODUCT_NAME = "$(TARGET_NAME)";
				SWIFT_VERSION = 5.0;
				TARGETED_DEVICE_FAMILY = "1,2";
			};
			name = Release;
		};
/* End XCBuildConfiguration section */

/* Begin XCConfigurationList section */
		762F6DC62374E4A200E07259 /* Build configuration list for PBXProject "SwipeGesture" */ = {
			isa = XCConfigurationList;
			buildConfigurations = (
				762F6DDD2374E4A300E07259 /* Debug */,
				762F6DDE2374E4A300E07259 /* Release */,
			);
			defaultConfigurationIsVisible = 0;
			defaultConfigurationName = Release;
		};
		762F6DDF2374E4A300E07259 /* Build configuration list for PBXNativeTarget "SwipeGesture" */ = {
			isa = XCConfigurationList;
			buildConfigurations = (
				762F6DE02374E4A300E07259 /* Debug */,
				762F6DE12374E4A300E07259 /* Release */,
			);
			defaultConfigurationIsVisible = 0;
			defaultConfigurationName = Release;
		};
/* End XCConfigurationList section */
	};
	rootObject = 762F6DC32374E4A200E07259 /* Project object */;
}
